// !$*UTF8*$!
{
	archiveVersion = 1;
	classes = {
	};
	objectVersion = 46;
	objects = {

/* Begin PBXBuildFile section */
		C8D84F091C5356C2004F3D19 /* AppDelegate.swift in Sources */ = {isa = PBXBuildFile; fileRef = C8D84F081C5356C2004F3D19 /* AppDelegate.swift */; };
		C8D84F0B1C5356C2004F3D19 /* ViewController.swift in Sources */ = {isa = PBXBuildFile; fileRef = C8D84F0A1C5356C2004F3D19 /* ViewController.swift */; };
		C8D84F0E1C5356C2004F3D19 /* Main.storyboard in Resources */ = {isa = PBXBuildFile; fileRef = C8D84F0C1C5356C2004F3D19 /* Main.storyboard */; };
		C8D84F101C5356C2004F3D19 /* Assets.xcassets in Resources */ = {isa = PBXBuildFile; fileRef = C8D84F0F1C5356C2004F3D19 /* Assets.xcassets */; };
		C8D84F131C5356C2004F3D19 /* LaunchScreen.storyboard in Resources */ = {isa = PBXBuildFile; fileRef = C8D84F111C5356C2004F3D19 /* LaunchScreen.storyboard */; };
		C8D84F1E1C5356C2004F3D19 /* ruby_china_swiftTests.swift in Sources */ = {isa = PBXBuildFile; fileRef = C8D84F1D1C5356C2004F3D19 /* ruby_china_swiftTests.swift */; };
		C8D84F291C5356C2004F3D19 /* ruby_china_swiftUITests.swift in Sources */ = {isa = PBXBuildFile; fileRef = C8D84F281C5356C2004F3D19 /* ruby_china_swiftUITests.swift */; };
		C8D84F391C5375F9004F3D19 /* HomeController.swift in Sources */ = {isa = PBXBuildFile; fileRef = C8D84F381C5375F9004F3D19 /* HomeController.swift */; };
		C8D84F3C1C53C696004F3D19 /* ClientApi.swift in Sources */ = {isa = PBXBuildFile; fileRef = C8D84F3B1C53C696004F3D19 /* ClientApi.swift */; };
/* End PBXBuildFile section */

/* Begin PBXContainerItemProxy section */
		C8D84F1A1C5356C2004F3D19 /* PBXContainerItemProxy */ = {
			isa = PBXContainerItemProxy;
			containerPortal = C8D84EFD1C5356C1004F3D19 /* Project object */;
			proxyType = 1;
			remoteGlobalIDString = C8D84F041C5356C1004F3D19;
			remoteInfo = "ruby-china-swift";
		};
		C8D84F251C5356C2004F3D19 /* PBXContainerItemProxy */ = {
			isa = PBXContainerItemProxy;
			containerPortal = C8D84EFD1C5356C1004F3D19 /* Project object */;
			proxyType = 1;
			remoteGlobalIDString = C8D84F041C5356C1004F3D19;
			remoteInfo = "ruby-china-swift";
		};
/* End PBXContainerItemProxy section */

/* Begin PBXFileReference section */
		C8D84F051C5356C2004F3D19 /* ruby-china-swift.app */ = {isa = PBXFileReference; explicitFileType = wrapper.application; includeInIndex = 0; path = "ruby-china-swift.app"; sourceTree = BUILT_PRODUCTS_DIR; };
		C8D84F081C5356C2004F3D19 /* AppDelegate.swift */ = {isa = PBXFileReference; lastKnownFileType = sourcecode.swift; path = AppDelegate.swift; sourceTree = "<group>"; };
		C8D84F0A1C5356C2004F3D19 /* ViewController.swift */ = {isa = PBXFileReference; lastKnownFileType = sourcecode.swift; path = ViewController.swift; sourceTree = "<group>"; };
		C8D84F0D1C5356C2004F3D19 /* Base */ = {isa = PBXFileReference; lastKnownFileType = file.storyboard; name = Base; path = Base.lproj/Main.storyboard; sourceTree = "<group>"; };
		C8D84F0F1C5356C2004F3D19 /* Assets.xcassets */ = {isa = PBXFileReference; lastKnownFileType = folder.assetcatalog; path = Assets.xcassets; sourceTree = "<group>"; };
		C8D84F121C5356C2004F3D19 /* Base */ = {isa = PBXFileReference; lastKnownFileType = file.storyboard; name = Base; path = Base.lproj/LaunchScreen.storyboard; sourceTree = "<group>"; };
		C8D84F141C5356C2004F3D19 /* Info.plist */ = {isa = PBXFileReference; lastKnownFileType = text.plist.xml; path = Info.plist; sourceTree = "<group>"; };
		C8D84F191C5356C2004F3D19 /* ruby-china-swiftTests.xctest */ = {isa = PBXFileReference; explicitFileType = wrapper.cfbundle; includeInIndex = 0; path = "ruby-china-swiftTests.xctest"; sourceTree = BUILT_PRODUCTS_DIR; };
		C8D84F1D1C5356C2004F3D19 /* ruby_china_swiftTests.swift */ = {isa = PBXFileReference; lastKnownFileType = sourcecode.swift; path = ruby_china_swiftTests.swift; sourceTree = "<group>"; };
		C8D84F1F1C5356C2004F3D19 /* Info.plist */ = {isa = PBXFileReference; lastKnownFileType = text.plist.xml; path = Info.plist; sourceTree = "<group>"; };
		C8D84F241C5356C2004F3D19 /* ruby-china-swiftUITests.xctest */ = {isa = PBXFileReference; explicitFileType = wrapper.cfbundle; includeInIndex = 0; path = "ruby-china-swiftUITests.xctest"; sourceTree = BUILT_PRODUCTS_DIR; };
		C8D84F281C5356C2004F3D19 /* ruby_china_swiftUITests.swift */ = {isa = PBXFileReference; lastKnownFileType = sourcecode.swift; path = ruby_china_swiftUITests.swift; sourceTree = "<group>"; };
		C8D84F2A1C5356C2004F3D19 /* Info.plist */ = {isa = PBXFileReference; lastKnownFileType = text.plist.xml; path = Info.plist; sourceTree = "<group>"; };
		C8D84F381C5375F9004F3D19 /* HomeController.swift */ = {isa = PBXFileReference; fileEncoding = 4; lastKnownFileType = sourcecode.swift; path = HomeController.swift; sourceTree = "<group>"; };
		C8D84F3B1C53C696004F3D19 /* ClientApi.swift */ = {isa = PBXFileReference; fileEncoding = 4; lastKnownFileType = sourcecode.swift; path = ClientApi.swift; sourceTree = "<group>"; };
/* End PBXFileReference section */

/* Begin PBXFrameworksBuildPhase section */
		C8D84F021C5356C1004F3D19 /* Frameworks */ = {
			isa = PBXFrameworksBuildPhase;
			buildActionMask = 2147483647;
			files = (
			);
			runOnlyForDeploymentPostprocessing = 0;
		};
		C8D84F161C5356C2004F3D19 /* Frameworks */ = {
			isa = PBXFrameworksBuildPhase;
			buildActionMask = 2147483647;
			files = (
			);
			runOnlyForDeploymentPostprocessing = 0;
		};
		C8D84F211C5356C2004F3D19 /* Frameworks */ = {
			isa = PBXFrameworksBuildPhase;
			buildActionMask = 2147483647;
			files = (
			);
			runOnlyForDeploymentPostprocessing = 0;
		};
/* End PBXFrameworksBuildPhase section */

/* Begin PBXGroup section */
		C8D84EFC1C5356C1004F3D19 = {
			isa = PBXGroup;
			children = (
				C8D84F071C5356C2004F3D19 /* ruby-china-swift */,
				C8D84F1C1C5356C2004F3D19 /* ruby-china-swiftTests */,
				C8D84F271C5356C2004F3D19 /* ruby-china-swiftUITests */,
				C8D84F061C5356C2004F3D19 /* Products */,
			);
			sourceTree = "<group>";
		};
		C8D84F061C5356C2004F3D19 /* Products */ = {
			isa = PBXGroup;
			children = (
				C8D84F051C5356C2004F3D19 /* ruby-china-swift.app */,
				C8D84F191C5356C2004F3D19 /* ruby-china-swiftTests.xctest */,
				C8D84F241C5356C2004F3D19 /* ruby-china-swiftUITests.xctest */,
			);
			name = Products;
			sourceTree = "<group>";
		};
		C8D84F071C5356C2004F3D19 /* ruby-china-swift */ = {
			isa = PBXGroup;
			children = (
				C8D84F3A1C53C65F004F3D19 /* APIs */,
				C8D84F081C5356C2004F3D19 /* AppDelegate.swift */,
				C8D84F0A1C5356C2004F3D19 /* ViewController.swift */,
				C8D84F0C1C5356C2004F3D19 /* Main.storyboard */,
				C8D84F0F1C5356C2004F3D19 /* Assets.xcassets */,
				C8D84F111C5356C2004F3D19 /* LaunchScreen.storyboard */,
				C8D84F141C5356C2004F3D19 /* Info.plist */,
				C8D84F381C5375F9004F3D19 /* HomeController.swift */,
			);
			path = "ruby-china-swift";
			sourceTree = "<group>";
		};
		C8D84F1C1C5356C2004F3D19 /* ruby-china-swiftTests */ = {
			isa = PBXGroup;
			children = (
				C8D84F1D1C5356C2004F3D19 /* ruby_china_swiftTests.swift */,
				C8D84F1F1C5356C2004F3D19 /* Info.plist */,
			);
			path = "ruby-china-swiftTests";
			sourceTree = "<group>";
		};
		C8D84F271C5356C2004F3D19 /* ruby-china-swiftUITests */ = {
			isa = PBXGroup;
			children = (
				C8D84F281C5356C2004F3D19 /* ruby_china_swiftUITests.swift */,
				C8D84F2A1C5356C2004F3D19 /* Info.plist */,
			);
			path = "ruby-china-swiftUITests";
			sourceTree = "<group>";
		};
		C8D84F3A1C53C65F004F3D19 /* APIs */ = {
			isa = PBXGroup;
			children = (
				C8D84F3B1C53C696004F3D19 /* ClientApi.swift */,
			);
			name = APIs;
			sourceTree = "<group>";
		};
/* End PBXGroup section */

/* Begin PBXNativeTarget section */
		C8D84F041C5356C1004F3D19 /* ruby-china-swift */ = {
			isa = PBXNativeTarget;
			buildConfigurationList = C8D84F2D1C5356C2004F3D19 /* Build configuration list for PBXNativeTarget "ruby-china-swift" */;
			buildPhases = (
				C8D84F011C5356C1004F3D19 /* Sources */,
				C8D84F021C5356C1004F3D19 /* Frameworks */,
				C8D84F031C5356C1004F3D19 /* Resources */,
			);
			buildRules = (
			);
			dependencies = (
			);
			name = "ruby-china-swift";
			productName = "ruby-china-swift";
			productReference = C8D84F051C5356C2004F3D19 /* ruby-china-swift.app */;
			productType = "com.apple.product-type.application";
		};
		C8D84F181C5356C2004F3D19 /* ruby-china-swiftTests */ = {
			isa = PBXNativeTarget;
			buildConfigurationList = C8D84F301C5356C2004F3D19 /* Build configuration list for PBXNativeTarget "ruby-china-swiftTests" */;
			buildPhases = (
				C8D84F151C5356C2004F3D19 /* Sources */,
				C8D84F161C5356C2004F3D19 /* Frameworks */,
				C8D84F171C5356C2004F3D19 /* Resources */,
			);
			buildRules = (
			);
			dependencies = (
				C8D84F1B1C5356C2004F3D19 /* PBXTargetDependency */,
			);
			name = "ruby-china-swiftTests";
			productName = "ruby-china-swiftTests";
			productReference = C8D84F191C5356C2004F3D19 /* ruby-china-swiftTests.xctest */;
			productType = "com.apple.product-type.bundle.unit-test";
		};
		C8D84F231C5356C2004F3D19 /* ruby-china-swiftUITests */ = {
			isa = PBXNativeTarget;
			buildConfigurationList = C8D84F331C5356C2004F3D19 /* Build configuration list for PBXNativeTarget "ruby-china-swiftUITests" */;
			buildPhases = (
				C8D84F201C5356C2004F3D19 /* Sources */,
				C8D84F211C5356C2004F3D19 /* Frameworks */,
				C8D84F221C5356C2004F3D19 /* Resources */,
			);
			buildRules = (
			);
			dependencies = (
				C8D84F261C5356C2004F3D19 /* PBXTargetDependency */,
			);
			name = "ruby-china-swiftUITests";
			productName = "ruby-china-swiftUITests";
			productReference = C8D84F241C5356C2004F3D19 /* ruby-china-swiftUITests.xctest */;
			productType = "com.apple.product-type.bundle.ui-testing";
		};
/* End PBXNativeTarget section */

/* Begin PBXProject section */
		C8D84EFD1C5356C1004F3D19 /* Project object */ = {
			isa = PBXProject;
			attributes = {
				LastSwiftUpdateCheck = 0720;
				LastUpgradeCheck = 0720;
				ORGANIZATIONNAME = kaka;
				TargetAttributes = {
					C8D84F041C5356C1004F3D19 = {
						CreatedOnToolsVersion = 7.2;
					};
					C8D84F181C5356C2004F3D19 = {
						CreatedOnToolsVersion = 7.2;
						TestTargetID = C8D84F041C5356C1004F3D19;
					};
					C8D84F231C5356C2004F3D19 = {
						CreatedOnToolsVersion = 7.2;
						TestTargetID = C8D84F041C5356C1004F3D19;
					};
				};
			};
			buildConfigurationList = C8D84F001C5356C1004F3D19 /* Build configuration list for PBXProject "ruby-china-swift" */;
			compatibilityVersion = "Xcode 3.2";
			developmentRegion = English;
			hasScannedForEncodings = 0;
			knownRegions = (
				en,
				Base,
			);
			mainGroup = C8D84EFC1C5356C1004F3D19;
			productRefGroup = C8D84F061C5356C2004F3D19 /* Products */;
			projectDirPath = "";
			projectRoot = "";
			targets = (
				C8D84F041C5356C1004F3D19 /* ruby-china-swift */,
				C8D84F181C5356C2004F3D19 /* ruby-china-swiftTests */,
				C8D84F231C5356C2004F3D19 /* ruby-china-swiftUITests */,
			);
		};
/* End PBXProject section */

/* Begin PBXResourcesBuildPhase section */
		C8D84F031C5356C1004F3D19 /* Resources */ = {
			isa = PBXResourcesBuildPhase;
			buildActionMask = 2147483647;
			files = (
				C8D84F131C5356C2004F3D19 /* LaunchScreen.storyboard in Resources */,
				C8D84F101C5356C2004F3D19 /* Assets.xcassets in Resources */,
				C8D84F0E1C5356C2004F3D19 /* Main.storyboard in Resources */,
			);
			runOnlyForDeploymentPostprocessing = 0;
		};
		C8D84F171C5356C2004F3D19 /* Resources */ = {
			isa = PBXResourcesBuildPhase;
			buildActionMask = 2147483647;
			files = (
			);
			runOnlyForDeploymentPostprocessing = 0;
		};
		C8D84F221C5356C2004F3D19 /* Resources */ = {
			isa = PBXResourcesBuildPhase;
			buildActionMask = 2147483647;
			files = (
			);
			runOnlyForDeploymentPostprocessing = 0;
		};
/* End PBXResourcesBuildPhase section */

/* Begin PBXSourcesBuildPhase section */
		C8D84F011C5356C1004F3D19 /* Sources */ = {
			isa = PBXSourcesBuildPhase;
			buildActionMask = 2147483647;
			files = (
				C8D84F0B1C5356C2004F3D19 /* ViewController.swift in Sources */,
				C8D84F091C5356C2004F3D19 /* AppDelegate.swift in Sources */,
				C8D84F391C5375F9004F3D19 /* HomeController.swift in Sources */,
				C8D84F3C1C53C696004F3D19 /* ClientApi.swift in Sources */,
			);
			runOnlyForDeploymentPostprocessing = 0;
		};
		C8D84F151C5356C2004F3D19 /* Sources */ = {
			isa = PBXSourcesBuildPhase;
			buildActionMask = 2147483647;
			files = (
				C8D84F1E1C5356C2004F3D19 /* ruby_china_swiftTests.swift in Sources */,
			);
			runOnlyForDeploymentPostprocessing = 0;
		};
		C8D84F201C5356C2004F3D19 /* Sources */ = {
			isa = PBXSourcesBuildPhase;
			buildActionMask = 2147483647;
			files = (
				C8D84F291C5356C2004F3D19 /* ruby_china_swiftUITests.swift in Sources */,
			);
			runOnlyForDeploymentPostprocessing = 0;
		};
/* End PBXSourcesBuildPhase section */

/* Begin PBXTargetDependency section */
		C8D84F1B1C5356C2004F3D19 /* PBXTargetDependency */ = {
			isa = PBXTargetDependency;
			target = C8D84F041C5356C1004F3D19 /* ruby-china-swift */;
			targetProxy = C8D84F1A1C5356C2004F3D19 /* PBXContainerItemProxy */;
		};
		C8D84F261C5356C2004F3D19 /* PBXTargetDependency */ = {
			isa = PBXTargetDependency;
			target = C8D84F041C5356C1004F3D19 /* ruby-china-swift */;
			targetProxy = C8D84F251C5356C2004F3D19 /* PBXContainerItemProxy */;
		};
/* End PBXTargetDependency section */

/* Begin PBXVariantGroup section */
		C8D84F0C1C5356C2004F3D19 /* Main.storyboard */ = {
			isa = PBXVariantGroup;
			children = (
				C8D84F0D1C5356C2004F3D19 /* Base */,
			);
			name = Main.storyboard;
			sourceTree = "<group>";
		};
		C8D84F111C5356C2004F3D19 /* LaunchScreen.storyboard */ = {
			isa = PBXVariantGroup;
			children = (
				C8D84F121C5356C2004F3D19 /* Base */,
			);
			name = LaunchScreen.storyboard;
			sourceTree = "<group>";
		};
/* End PBXVariantGroup section */

/* Begin XCBuildConfiguration section */
		C8D84F2B1C5356C2004F3D19 /* Debug */ = {
			isa = XCBuildConfiguration;
			buildSettings = {
				ALWAYS_SEARCH_USER_PATHS = NO;
				CLANG_CXX_LANGUAGE_STANDARD = "gnu++0x";
				CLANG_CXX_LIBRARY = "libc++";
				CLANG_ENABLE_MODULES = YES;
				CLANG_ENABLE_OBJC_ARC = YES;
				CLANG_WARN_BOOL_CONVERSION = YES;
				CLANG_WARN_CONSTANT_CONVERSION = YES;
				CLANG_WARN_DIRECT_OBJC_ISA_USAGE = YES_ERROR;
				CLANG_WARN_EMPTY_BODY = YES;
				CLANG_WARN_ENUM_CONVERSION = YES;
				CLANG_WARN_INT_CONVERSION = YES;
				CLANG_WARN_OBJC_ROOT_CLASS = YES_ERROR;
				CLANG_WARN_UNREACHABLE_CODE = YES;
				CLANG_WARN__DUPLICATE_METHOD_MATCH = YES;
				"CODE_SIGN_IDENTITY[sdk=iphoneos*]" = "iPhone Developer";
				COPY_PHASE_STRIP = NO;
				DEBUG_INFORMATION_FORMAT = dwarf;
				ENABLE_STRICT_OBJC_MSGSEND = YES;
				ENABLE_TESTABILITY = YES;
				GCC_C_LANGUAGE_STANDARD = gnu99;
				GCC_DYNAMIC_NO_PIC = NO;
				GCC_NO_COMMON_BLOCKS = YES;
				GCC_OPTIMIZATION_LEVEL = 0;
				GCC_PREPROCESSOR_DEFINITIONS = (
					"DEBUG=1",
					"$(inherited)",
				);
				GCC_WARN_64_TO_32_BIT_CONVERSION = YES;
				GCC_WARN_ABOUT_RETURN_TYPE = YES_ERROR;
				GCC_WARN_UNDECLARED_SELECTOR = YES;
				GCC_WARN_UNINITIALIZED_AUTOS = YES_AGGRESSIVE;
				GCC_WARN_UNUSED_FUNCTION = YES;
				GCC_WARN_UNUSED_VARIABLE = YES;
				IPHONEOS_DEPLOYMENT_TARGET = 9.2;
				MTL_ENABLE_DEBUG_INFO = YES;
				ONLY_ACTIVE_ARCH = YES;
				SDKROOT = iphoneos;
				SWIFT_OPTIMIZATION_LEVEL = "-Onone";
			};
			name = Debug;
		};
		C8D84F2C1C5356C2004F3D19 /* Release */ = {
			isa = XCBuildConfiguration;
			buildSettings = {
				ALWAYS_SEARCH_USER_PATHS = NO;
				CLANG_CXX_LANGUAGE_STANDARD = "gnu++0x";
				CLANG_CXX_LIBRARY = "libc++";
				CLANG_ENABLE_MODULES = YES;
				CLANG_ENABLE_OBJC_ARC = YES;
				CLANG_WARN_BOOL_CONVERSION = YES;
				CLANG_WARN_CONSTANT_CONVERSION = YES;
				CLANG_WARN_DIRECT_OBJC_ISA_USAGE = YES_ERROR;
				CLANG_WARN_EMPTY_BODY = YES;
				CLANG_WARN_ENUM_CONVERSION = YES;
				CLANG_WARN_INT_CONVERSION = YES;
				CLANG_WARN_OBJC_ROOT_CLASS = YES_ERROR;
				CLANG_WARN_UNREACHABLE_CODE = YES;
				CLANG_WARN__DUPLICATE_METHOD_MATCH = YES;
				"CODE_SIGN_IDENTITY[sdk=iphoneos*]" = "iPhone Developer";
				COPY_PHASE_STRIP = NO;
				DEBUG_INFORMATION_FORMAT = "dwarf-with-dsym";
				ENABLE_NS_ASSERTIONS = NO;
				ENABLE_STRICT_OBJC_MSGSEND = YES;
				GCC_C_LANGUAGE_STANDARD = gnu99;
				GCC_NO_COMMON_BLOCKS = YES;
				GCC_WARN_64_TO_32_BIT_CONVERSION = YES;
				GCC_WARN_ABOUT_RETURN_TYPE = YES_ERROR;
				GCC_WARN_UNDECLARED_SELECTOR = YES;
				GCC_WARN_UNINITIALIZED_AUTOS = YES_AGGRESSIVE;
				GCC_WARN_UNUSED_FUNCTION = YES;
				GCC_WARN_UNUSED_VARIABLE = YES;
				IPHONEOS_DEPLOYMENT_TARGET = 9.2;
				MTL_ENABLE_DEBUG_INFO = NO;
				SDKROOT = iphoneos;
				VALIDATE_PRODUCT = YES;
			};
			name = Release;
		};
		C8D84F2E1C5356C2004F3D19 /* Debug */ = {
			isa = XCBuildConfiguration;
			buildSettings = {
				ASSETCATALOG_COMPILER_APPICON_NAME = AppIcon;
				INFOPLIST_FILE = "ruby-china-swift/Info.plist";
				LD_RUNPATH_SEARCH_PATHS = "$(inherited) @executable_path/Frameworks";
				PRODUCT_BUNDLE_IDENTIFIER = "kaka.ruby-china-swift";
				PRODUCT_NAME = "$(TARGET_NAME)";
			};
			name = Debug;
		};
		C8D84F2F1C5356C2004F3D19 /* Release */ = {
			isa = XCBuildConfiguration;
			buildSettings = {
				ASSETCATALOG_COMPILER_APPICON_NAME = AppIcon;
				INFOPLIST_FILE = "ruby-china-swift/Info.plist";
				LD_RUNPATH_SEARCH_PATHS = "$(inherited) @executable_path/Frameworks";
				PRODUCT_BUNDLE_IDENTIFIER = "kaka.ruby-china-swift";
				PRODUCT_NAME = "$(TARGET_NAME)";
			};
			name = Release;
		};
		C8D84F311C5356C2004F3D19 /* Debug */ = {
			isa = XCBuildConfiguration;
			buildSettings = {
				BUNDLE_LOADER = "$(TEST_HOST)";
				INFOPLIST_FILE = "ruby-china-swiftTests/Info.plist";
				LD_RUNPATH_SEARCH_PATHS = "$(inherited) @executable_path/Frameworks @loader_path/Frameworks";
				PRODUCT_BUNDLE_IDENTIFIER = "kaka.ruby-china-swiftTests";
				PRODUCT_NAME = "$(TARGET_NAME)";
				TEST_HOST = "$(BUILT_PRODUCTS_DIR)/ruby-china-swift.app/ruby-china-swift";
			};
			name = Debug;
		};
		C8D84F321C5356C2004F3D19 /* Release */ = {
			isa = XCBuildConfiguration;
			buildSettings = {
				BUNDLE_LOADER = "$(TEST_HOST)";
				INFOPLIST_FILE = "ruby-china-swiftTests/Info.plist";
				LD_RUNPATH_SEARCH_PATHS = "$(inherited) @executable_path/Frameworks @loader_path/Frameworks";
				PRODUCT_BUNDLE_IDENTIFIER = "kaka.ruby-china-swiftTests";
				PRODUCT_NAME = "$(TARGET_NAME)";
				TEST_HOST = "$(BUILT_PRODUCTS_DIR)/ruby-china-swift.app/ruby-china-swift";
			};
			name = Release;
		};
		C8D84F341C5356C2004F3D19 /* Debug */ = {
			isa = XCBuildConfiguration;
			buildSettings = {
				INFOPLIST_FILE = "ruby-china-swiftUITests/Info.plist";
				LD_RUNPATH_SEARCH_PATHS = "$(inherited) @executable_path/Frameworks @loader_path/Frameworks";
				PRODUCT_BUNDLE_IDENTIFIER = "kaka.ruby-china-swiftUITests";
				PRODUCT_NAME = "$(TARGET_NAME)";
				TEST_TARGET_NAME = "ruby-china-swift";
				USES_XCTRUNNER = YES;
			};
			name = Debug;
		};
		C8D84F351C5356C2004F3D19 /* Release */ = {
			isa = XCBuildConfiguration;
			buildSettings = {
				INFOPLIST_FILE = "ruby-china-swiftUITests/Info.plist";
				LD_RUNPATH_SEARCH_PATHS = "$(inherited) @executable_path/Frameworks @loader_path/Frameworks";
				PRODUCT_BUNDLE_IDENTIFIER = "kaka.ruby-china-swiftUITests";
				PRODUCT_NAME = "$(TARGET_NAME)";
				TEST_TARGET_NAME = "ruby-china-swift";
				USES_XCTRUNNER = YES;
			};
			name = Release;
		};
/* End XCBuildConfiguration section */

/* Begin XCConfigurationList section */
		C8D84F001C5356C1004F3D19 /* Build configuration list for PBXProject "ruby-china-swift" */ = {
			isa = XCConfigurationList;
			buildConfigurations = (
				C8D84F2B1C5356C2004F3D19 /* Debug */,
				C8D84F2C1C5356C2004F3D19 /* Release */,
			);
			defaultConfigurationIsVisible = 0;
			defaultConfigurationName = Release;
		};
		C8D84F2D1C5356C2004F3D19 /* Build configuration list for PBXNativeTarget "ruby-china-swift" */ = {
			isa = XCConfigurationList;
			buildConfigurations = (
				C8D84F2E1C5356C2004F3D19 /* Debug */,
				C8D84F2F1C5356C2004F3D19 /* Release */,
			);
			defaultConfigurationIsVisible = 0;
		};
		C8D84F301C5356C2004F3D19 /* Build configuration list for PBXNativeTarget "ruby-china-swiftTests" */ = {
			isa = XCConfigurationList;
			buildConfigurations = (
				C8D84F311C5356C2004F3D19 /* Debug */,
				C8D84F321C5356C2004F3D19 /* Release */,
			);
			defaultConfigurationIsVisible = 0;
		};
		C8D84F331C5356C2004F3D19 /* Build configuration list for PBXNativeTarget "ruby-china-swiftUITests" */ = {
			isa = XCConfigurationList;
			buildConfigurations = (
				C8D84F341C5356C2004F3D19 /* Debug */,
				C8D84F351C5356C2004F3D19 /* Release */,
			);
			defaultConfigurationIsVisible = 0;
		};
/* End XCConfigurationList section */
	};
	rootObject = C8D84EFD1C5356C1004F3D19 /* Project object */;
}
